{
  "name": "ihymns",
  "version": "1.0.0-alpha.1",
  "lockfileVersion": 3,
  "requires": true,
  "packages": {
    "": {
      "name": "ihymns",
      "version": "1.0.0-alpha.1",
      "license": "SEE LICENSE IN LICENSE",
      "engines": {
        "node": ">=22.0.0",
        "npm": ">=10.0.0"
      }
    }
  }
}
