# MWBM-MEDIA-LANG copy lock. Written by scripts/media-lang/check_copies.py
# --init / --update; do not edit by hand. Master: MWBMPartners/MeedyaSuite-core.
policy MWBM-MEDIA-LANG 1.0.0
source MWBMPartners/MeedyaSuite-core aaaa585aa145634c057c0bbdd9bd5fc11c3274a0
file 19c81cbc4300c96efb2d7b3c4c4778497208708ae72c42b3f8c5f306611e34e1 docs/standards/media-language-bcp47-policy.md docs/standards/media-language-bcp47-policy.md
file 548cb0c94621e6814b69fbb561a5815113df63c8e10949681733aab35d852ec0 tests/fixtures/bcp47-language-policy-v1.json tests/fixtures/bcp47-language-policy-v1.json
file 773bd7fb6607dacd7d4283908f9b229b3f22969230d0266df49d5bcc52be0577 tests/fixtures/bcp47-language-policy-v1.schema.json tests/fixtures/bcp47-language-policy-v1.schema.json
file 3eaaaf0935d5d90536dbcc809f39867f1b570cc1b1d29a3b77d0554e9e9c0c07 appWeb/public_html/includes/vendor/media-language/bcp47-language-data-v1.json docs/standards/data/bcp47-language-data-v1.json
file 34f652ba0738a748f88036b749a54de05270ced6e43543c3640af6af1bce7173 docs/standards/data/bcp47-language-data-v1.schema.json docs/standards/data/bcp47-language-data-v1.schema.json
file 665381e622cd2f1b60e1265d171452c0fa84c550f4f74221d8309e13b60970ff tools/media-lang/check_copies.py scripts/media-lang/check_copies.py
file 0191b0bf06c6ecc7a7f4e276f1113d440670357117b34c3f3ffc647378de3eed appWeb/public_html/includes/vendor/media-language/MediaLanguagePolicy.php bindings/php/media-language/MediaLanguagePolicy.php
file 9ced84b71dcffff7a909af9bb98078f134208994fb770c668e963732924dc45d appWeb/public_html/includes/vendor/media-language/tests/run-conformance.php bindings/php/media-language/tests/run-conformance.php
file 146debead60501a483294ac6b4b8d1dfa5eb4c331c2f7676dd5498e924f85d35 appWeb/public_html/includes/vendor/media-language/README.md bindings/php/media-language/README.md
